
Microsoft Visual Studio Solution File, Format Version 12.00
# Visual Studio 15
VisualStudioVersion = 15.0.27703.2042
MinimumVisualStudioVersion = 10.0.40219.1
Project("{FAE04EC0-301F-11D3-BF4B-00C04F79EFBC}") = "TCCSafeSpot", "TCCSafeSpot\TCCSafeSpot.csproj", "{46983DFD-EEB9-4AD5-A38C-1B3EBBA97FE1}"
EndProject
Global
	GlobalSection(SolutionConfigurationPlatforms) = preSolution
		Debug|Any CPU = Debug|Any CPU
		Release|Any CPU = Release|Any CPU
	EndGlobalSection
	GlobalSection(ProjectConfigurationPlatforms) = postSolution
		{46983DFD-EEB9-4AD5-A38C-1B3EBBA97FE1}.Debug|Any CPU.ActiveCfg = Debug|Any CPU
		{46983DFD-EEB9-4AD5-A38C-1B3EBBA97FE1}.Debug|Any CPU.Build.0 = Debug|Any CPU
		{46983DFD-EEB9-4AD5-A38C-1B3EBBA97FE1}.Release|Any CPU.ActiveCfg = Release|Any CPU
		{46983DFD-EEB9-4AD5-A38C-1B3EBBA97FE1}.Release|Any CPU.Build.0 = Release|Any CPU
	EndGlobalSection
	GlobalSection(SolutionProperties) = preSolution
		HideSolutionNode = FALSE
	EndGlobalSection
	GlobalSection(ExtensibilityGlobals) = postSolution
		LessCompiler = 46983dfd-eeb9-4ad5-a38c-1b3ebba97fe1
		SolutionGuid = {50DFE814-84D1-4762-BA17-BF9D1AFD8321}
	EndGlobalSection
EndGlobal
